
Microsoft Visual Studio Solution File, Format Version 12.00
# Visual Studio Version 16
VisualStudioVersion = 16.0.31424.327
MinimumVisualStudioVersion = 10.0.40219.1
Project("{8BC9CEB8-8B4A-11D0-8D11-00A0C91BC942}") = "TicTacToe", "TicTacToe\TicTacToe.vcxproj", "{9F31A360-5916-4CCD-8171-BF76A5941CB8}"
EndProject
Project("{8BC9CEB8-8B4A-11D0-8D11-00A0C91BC942}") = "Game", "Game\Game.vcxproj", "{61704E47-5B2F-41DA-9953-897ABDE1E583}"
	ProjectSection(ProjectDependencies) = postProject
		{9F31A360-5916-4CCD-8171-BF76A5941CB8} = {9F31A360-5916-4CCD-8171-BF76A5941CB8}
	EndProjectSection
EndProject
Project("{8BC9CEB8-8B4A-11D0-8D11-00A0C91BC942}") = "GameTests", "GameTests\GameTests.vcxproj", "{A6710FB8-E3C5-4DE1-BF28-E6BF22067CF7}"
EndProject
Global
	GlobalSection(SolutionConfigurationPlatforms) = preSolution
		Debug|x64 = Debug|x64
		Debug|x86 = Debug|x86
		Release|x64 = Release|x64
		Release|x86 = Release|x86
	EndGlobalSection
	GlobalSection(ProjectConfigurationPlatforms) = postSolution
		{9F31A360-5916-4CCD-8171-BF76A5941CB8}.Debug|x64.ActiveCfg = Debug|x64
		{9F31A360-5916-4CCD-8171-BF76A5941CB8}.Debug|x64.Build.0 = Debug|x64
		{9F31A360-5916-4CCD-8171-BF76A5941CB8}.Debug|x86.ActiveCfg = Debug|Win32
		{9F31A360-5916-4CCD-8171-BF76A5941CB8}.Debug|x86.Build.0 = Debug|Win32
		{9F31A360-5916-4CCD-8171-BF76A5941CB8}.Release|x64.ActiveCfg = Release|x64
		{9F31A360-5916-4CCD-8171-BF76A5941CB8}.Release|x64.Build.0 = Release|x64
		{9F31A360-5916-4CCD-8171-BF76A5941CB8}.Release|x86.ActiveCfg = Release|Win32
		{9F31A360-5916-4CCD-8171-BF76A5941CB8}.Release|x86.Build.0 = Release|Win32
		{61704E47-5B2F-41DA-9953-897ABDE1E583}.Debug|x64.ActiveCfg = Debug|x64
		{61704E47-5B2F-41DA-9953-897ABDE1E583}.Debug|x64.Build.0 = Debug|x64
		{61704E47-5B2F-41DA-9953-897ABDE1E583}.Debug|x86.ActiveCfg = Debug|Win32
		{61704E47-5B2F-41DA-9953-897ABDE1E583}.Debug|x86.Build.0 = Debug|Win32
		{61704E47-5B2F-41DA-9953-897ABDE1E583}.Release|x64.ActiveCfg = Release|x64
		{61704E47-5B2F-41DA-9953-897ABDE1E583}.Release|x64.Build.0 = Release|x64
		{61704E47-5B2F-41DA-9953-897ABDE1E583}.Release|x86.ActiveCfg = Release|Win32
		{61704E47-5B2F-41DA-9953-897ABDE1E583}.Release|x86.Build.0 = Release|Win32
		{A6710FB8-E3C5-4DE1-BF28-E6BF22067CF7}.Debug|x64.ActiveCfg = Debug|x64
		{A6710FB8-E3C5-4DE1-BF28-E6BF22067CF7}.Debug|x64.Build.0 = Debug|x64
		{A6710FB8-E3C5-4DE1-BF28-E6BF22067CF7}.Debug|x86.ActiveCfg = Debug|Win32
		{A6710FB8-E3C5-4DE1-BF28-E6BF22067CF7}.Debug|x86.Build.0 = Debug|Win32
		{A6710FB8-E3C5-4DE1-BF28-E6BF22067CF7}.Release|x64.ActiveCfg = Release|x64
		{A6710FB8-E3C5-4DE1-BF28-E6BF22067CF7}.Release|x64.Build.0 = Release|x64
		{A6710FB8-E3C5-4DE1-BF28-E6BF22067CF7}.Release|x86.ActiveCfg = Release|Win32
		{A6710FB8-E3C5-4DE1-BF28-E6BF22067CF7}.Release|x86.Build.0 = Release|Win32
	EndGlobalSection
	GlobalSection(SolutionProperties) = preSolution
		HideSolutionNode = FALSE
	EndGlobalSection
	GlobalSection(ExtensibilityGlobals) = postSolution
		SolutionGuid = {115B9F0D-0912-4B5F-934C-51B969DED686}
	EndGlobalSection
EndGlobal
